
Microsoft Visual Studio Solution File, Format Version 12.00
# Visual Studio Version 17
VisualStudioVersion = 17.8.34322.80
MinimumVisualStudioVersion = 10.0.40219.1
Project("{FAE04EC0-301F-11D3-BF4B-00C04F79EFBC}") = "Snake", "Snake\Snake.csproj", "{7943D52A-6742-4544-BD50-67F0B287A1BA}"
EndProject
Global
	GlobalSection(SolutionConfigurationPlatforms) = preSolution
		Debug|Any CPU = Debug|Any CPU
		Release|Any CPU = Release|Any CPU
	EndGlobalSection
	GlobalSection(ProjectConfigurationPlatforms) = postSolution
		{7943D52A-6742-4544-BD50-67F0B287A1BA}.Debug|Any CPU.ActiveCfg = Debug|Any CPU
		{7943D52A-6742-4544-BD50-67F0B287A1BA}.Debug|Any CPU.Build.0 = Debug|Any CPU
		{7943D52A-6742-4544-BD50-67F0B287A1BA}.Release|Any CPU.ActiveCfg = Release|Any CPU
		{7943D52A-6742-4544-BD50-67F0B287A1BA}.Release|Any CPU.Build.0 = Release|Any CPU
	EndGlobalSection
	GlobalSection(SolutionProperties) = preSolution
		HideSolutionNode = FALSE
	EndGlobalSection
	GlobalSection(ExtensibilityGlobals) = postSolution
		SolutionGuid = {810AAAF9-C8FC-4DB9-83A7-17B4255F6DFE}
	EndGlobalSection
EndGlobal
